
Microsoft Visual Studio Solution File, Format Version 12.00
# Visual Studio Version 17
VisualStudioVersion = 17.1.32210.238
MinimumVisualStudioVersion = 10.0.40219.1
Project("{9A19103F-16F7-4668-BE54-9A1E7A4F7556}") = "DocGenerator.ConsumerGeneratorPDF", "APIServices\DocGenerator.ConsumerGeneratorPDF\DocGenerator.ConsumerGeneratorPDF.csproj", "{E040AF5D-F06F-4254-815D-B308894919E4}"
EndProject
Project("{9A19103F-16F7-4668-BE54-9A1E7A4F7556}") = "DocGenerator.Producer", "APIServices\DocGenerator.Producer\DocGenerator.Producer.csproj", "{40E842B0-9F77-4C5B-AB95-A2BE61A79148}"
EndProject
Project("{9A19103F-16F7-4668-BE54-9A1E7A4F7556}") = "DocGenerator.Shared", "APIServices\DocGenerator.Shared\DocGenerator.Shared.csproj", "{6D8E85A4-91A0-42AE-8158-2A55423CA045}"
EndProject
Project("{9A19103F-16F7-4668-BE54-9A1E7A4F7556}") = "DocGenerator.TestingAPI", "APIServices\DocGenerator.TestingAPI\DocGenerator.TestingAPI.csproj", "{D7B03BE3-BA75-42B2-AC0E-B8DBB2C96DE6}"
EndProject
Global
	GlobalSection(SolutionConfigurationPlatforms) = preSolution
		Debug|Any CPU = Debug|Any CPU
		Release|Any CPU = Release|Any CPU
	EndGlobalSection
	GlobalSection(ProjectConfigurationPlatforms) = postSolution
		{E040AF5D-F06F-4254-815D-B308894919E4}.Debug|Any CPU.ActiveCfg = Debug|Any CPU
		{E040AF5D-F06F-4254-815D-B308894919E4}.Debug|Any CPU.Build.0 = Debug|Any CPU
		{E040AF5D-F06F-4254-815D-B308894919E4}.Release|Any CPU.ActiveCfg = Release|Any CPU
		{E040AF5D-F06F-4254-815D-B308894919E4}.Release|Any CPU.Build.0 = Release|Any CPU
		{40E842B0-9F77-4C5B-AB95-A2BE61A79148}.Debug|Any CPU.ActiveCfg = Debug|Any CPU
		{40E842B0-9F77-4C5B-AB95-A2BE61A79148}.Debug|Any CPU.Build.0 = Debug|Any CPU
		{40E842B0-9F77-4C5B-AB95-A2BE61A79148}.Release|Any CPU.ActiveCfg = Release|Any CPU
		{40E842B0-9F77-4C5B-AB95-A2BE61A79148}.Release|Any CPU.Build.0 = Release|Any CPU
		{6D8E85A4-91A0-42AE-8158-2A55423CA045}.Debug|Any CPU.ActiveCfg = Debug|Any CPU
		{6D8E85A4-91A0-42AE-8158-2A55423CA045}.Debug|Any CPU.Build.0 = Debug|Any CPU
		{6D8E85A4-91A0-42AE-8158-2A55423CA045}.Release|Any CPU.ActiveCfg = Release|Any CPU
		{6D8E85A4-91A0-42AE-8158-2A55423CA045}.Release|Any CPU.Build.0 = Release|Any CPU
		{D7B03BE3-BA75-42B2-AC0E-B8DBB2C96DE6}.Debug|Any CPU.ActiveCfg = Debug|Any CPU
		{D7B03BE3-BA75-42B2-AC0E-B8DBB2C96DE6}.Debug|Any CPU.Build.0 = Debug|Any CPU
		{D7B03BE3-BA75-42B2-AC0E-B8DBB2C96DE6}.Release|Any CPU.ActiveCfg = Release|Any CPU
		{D7B03BE3-BA75-42B2-AC0E-B8DBB2C96DE6}.Release|Any CPU.Build.0 = Release|Any CPU
	EndGlobalSection
	GlobalSection(SolutionProperties) = preSolution
		HideSolutionNode = FALSE
	EndGlobalSection
	GlobalSection(ExtensibilityGlobals) = postSolution
		SolutionGuid = {47447DA2-F6CF-4FA1-968D-DBF3F84B63A8}
	EndGlobalSection
EndGlobal
